
Microsoft Visual Studio Solution File, Format Version 12.00
# Visual Studio Version 17
VisualStudioVersion = 17.8.34601.278
MinimumVisualStudioVersion = 10.0.40219.1
Project("{FAE04EC0-301F-11D3-BF4B-00C04F79EFBC}") = "Dicesimulator", "Dicesimulator.csproj", "{B2FC3C5A-E884-44A8-819F-8F376774B16A}"
EndProject
Global
	GlobalSection(SolutionConfigurationPlatforms) = preSolution
		Debug|Any CPU = Debug|Any CPU
		Release|Any CPU = Release|Any CPU
	EndGlobalSection
	GlobalSection(ProjectConfigurationPlatforms) = postSolution
		{B2FC3C5A-E884-44A8-819F-8F376774B16A}.Debug|Any CPU.ActiveCfg = Debug|Any CPU
		{B2FC3C5A-E884-44A8-819F-8F376774B16A}.Debug|Any CPU.Build.0 = Debug|Any CPU
		{B2FC3C5A-E884-44A8-819F-8F376774B16A}.Release|Any CPU.ActiveCfg = Release|Any CPU
		{B2FC3C5A-E884-44A8-819F-8F376774B16A}.Release|Any CPU.Build.0 = Release|Any CPU
	EndGlobalSection
	GlobalSection(SolutionProperties) = preSolution
		HideSolutionNode = FALSE
	EndGlobalSection
	GlobalSection(ExtensibilityGlobals) = postSolution
		SolutionGuid = {5408BFAA-B30E-4460-B928-0F6FAD64CAEF}
	EndGlobalSection
EndGlobal
